
Microsoft Visual Studio Solution File, Format Version 12.00
# Visual Studio Version 17
VisualStudioVersion = 17.2.32616.157
MinimumVisualStudioVersion = 10.0.40219.1
Project("{FAE04EC0-301F-11D3-BF4B-00C04F79EFBC}") = "BackEndProject", "BackEndProject\BackEndProject.csproj", "{7E99EB82-9D89-4BBF-AA1B-5C0EED3BCDFF}"
EndProject
Global
	GlobalSection(SolutionConfigurationPlatforms) = preSolution
		Debug|Any CPU = Debug|Any CPU
		Release|Any CPU = Release|Any CPU
	EndGlobalSection
	GlobalSection(ProjectConfigurationPlatforms) = postSolution
		{7E99EB82-9D89-4BBF-AA1B-5C0EED3BCDFF}.Debug|Any CPU.ActiveCfg = Debug|Any CPU
		{7E99EB82-9D89-4BBF-AA1B-5C0EED3BCDFF}.Debug|Any CPU.Build.0 = Debug|Any CPU
		{7E99EB82-9D89-4BBF-AA1B-5C0EED3BCDFF}.Release|Any CPU.ActiveCfg = Release|Any CPU
		{7E99EB82-9D89-4BBF-AA1B-5C0EED3BCDFF}.Release|Any CPU.Build.0 = Release|Any CPU
	EndGlobalSection
	GlobalSection(SolutionProperties) = preSolution
		HideSolutionNode = FALSE
	EndGlobalSection
	GlobalSection(ExtensibilityGlobals) = postSolution
		SolutionGuid = {48F82878-B8FD-4EEC-B77D-A1838F94A189}
	EndGlobalSection
EndGlobal
